
Microsoft Visual Studio Solution File, Format Version 12.00
# Visual Studio 15
VisualStudioVersion = 15.0.28307.1062
MinimumVisualStudioVersion = 10.0.40219.1
Project("{FAE04EC0-301F-11D3-BF4B-00C04F79EFBC}") = "ERP.Web", "ERP.Web\ERP.Web.csproj", "{B0AED116-D174-4BFB-8FEA-D189B697C17F}"
EndProject
Project("{FAE04EC0-301F-11D3-BF4B-00C04F79EFBC}") = "ERP.Entity", "ERP.Entity\ERP.Entity.csproj", "{3CA4F2FB-CE02-4F2B-98C5-0412939ADFE8}"
EndProject
Global
	GlobalSection(SolutionConfigurationPlatforms) = preSolution
		Debug|Any CPU = Debug|Any CPU
		Release|Any CPU = Release|Any CPU
	EndGlobalSection
	GlobalSection(ProjectConfigurationPlatforms) = postSolution
		{B0AED116-D174-4BFB-8FEA-D189B697C17F}.Debug|Any CPU.ActiveCfg = Debug|Any CPU
		{B0AED116-D174-4BFB-8FEA-D189B697C17F}.Debug|Any CPU.Build.0 = Debug|Any CPU
		{B0AED116-D174-4BFB-8FEA-D189B697C17F}.Release|Any CPU.ActiveCfg = Release|Any CPU
		{B0AED116-D174-4BFB-8FEA-D189B697C17F}.Release|Any CPU.Build.0 = Release|Any CPU
		{3CA4F2FB-CE02-4F2B-98C5-0412939ADFE8}.Debug|Any CPU.ActiveCfg = Debug|Any CPU
		{3CA4F2FB-CE02-4F2B-98C5-0412939ADFE8}.Debug|Any CPU.Build.0 = Debug|Any CPU
		{3CA4F2FB-CE02-4F2B-98C5-0412939ADFE8}.Release|Any CPU.ActiveCfg = Release|Any CPU
		{3CA4F2FB-CE02-4F2B-98C5-0412939ADFE8}.Release|Any CPU.Build.0 = Release|Any CPU
	EndGlobalSection
	GlobalSection(SolutionProperties) = preSolution
		HideSolutionNode = FALSE
	EndGlobalSection
	GlobalSection(ExtensibilityGlobals) = postSolution
		SolutionGuid = {ECA39813-063F-4585-894D-701EF97A9441}
	EndGlobalSection
EndGlobal
